
Microsoft Visual Studio Solution File, Format Version 12.00
# Visual Studio Version 17
VisualStudioVersion = 17.4.33213.308
MinimumVisualStudioVersion = 10.0.40219.1
Project("{FAE04EC0-301F-11D3-BF4B-00C04F79EFBC}") = "StudentInformationProjectDatabaseFirst", "StudentInformationProjectDatabaseFirst\StudentInformationProjectDatabaseFirst.csproj", "{5B1D3884-980C-4E0D-A574-D3797B278612}"
EndProject
Global
	GlobalSection(SolutionConfigurationPlatforms) = preSolution
		Debug|Any CPU = Debug|Any CPU
		Release|Any CPU = Release|Any CPU
	EndGlobalSection
	GlobalSection(ProjectConfigurationPlatforms) = postSolution
		{5B1D3884-980C-4E0D-A574-D3797B278612}.Debug|Any CPU.ActiveCfg = Debug|Any CPU
		{5B1D3884-980C-4E0D-A574-D3797B278612}.Debug|Any CPU.Build.0 = Debug|Any CPU
		{5B1D3884-980C-4E0D-A574-D3797B278612}.Release|Any CPU.ActiveCfg = Release|Any CPU
		{5B1D3884-980C-4E0D-A574-D3797B278612}.Release|Any CPU.Build.0 = Release|Any CPU
	EndGlobalSection
	GlobalSection(SolutionProperties) = preSolution
		HideSolutionNode = FALSE
	EndGlobalSection
	GlobalSection(ExtensibilityGlobals) = postSolution
		SolutionGuid = {1AD0714F-55B4-4131-9B62-9153FBF5C8B4}
	EndGlobalSection
EndGlobal
